
Microsoft Visual Studio Solution File, Format Version 12.00
# Visual Studio 15
VisualStudioVersion = 15.0.27428.2037
MinimumVisualStudioVersion = 10.0.40219.1
Project("{8BC9CEB8-8B4A-11D0-8D11-00A0C91BC942}") = "pyspk_GL", "pyspk_GL\pyspk_GL.vcxproj", "{EE82EAC5-B368-4858-9113-B54E578D28ED}"
EndProject
Project("{8BC9CEB8-8B4A-11D0-8D11-00A0C91BC942}") = "pyspk_main", "pyspk_main\pyspk_main.vcxproj", "{CFCF2F47-EF18-4D3D-B905-8BA33F6E77DF}"
EndProject
Global
	GlobalSection(SolutionConfigurationPlatforms) = preSolution
		Debug|x64 = Debug|x64
		Debug|x86 = Debug|x86
		Release|x64 = Release|x64
		Release|x86 = Release|x86
	EndGlobalSection
	GlobalSection(ProjectConfigurationPlatforms) = postSolution
		{EE82EAC5-B368-4858-9113-B54E578D28ED}.Debug|x64.ActiveCfg = Debug|x64
		{EE82EAC5-B368-4858-9113-B54E578D28ED}.Debug|x64.Build.0 = Debug|x64
		{EE82EAC5-B368-4858-9113-B54E578D28ED}.Debug|x86.ActiveCfg = Debug|Win32
		{EE82EAC5-B368-4858-9113-B54E578D28ED}.Debug|x86.Build.0 = Debug|Win32
		{EE82EAC5-B368-4858-9113-B54E578D28ED}.Release|x64.ActiveCfg = Release|x64
		{EE82EAC5-B368-4858-9113-B54E578D28ED}.Release|x64.Build.0 = Release|x64
		{EE82EAC5-B368-4858-9113-B54E578D28ED}.Release|x86.ActiveCfg = Release|Win32
		{EE82EAC5-B368-4858-9113-B54E578D28ED}.Release|x86.Build.0 = Release|Win32
		{CFCF2F47-EF18-4D3D-B905-8BA33F6E77DF}.Debug|x64.ActiveCfg = Debug|x64
		{CFCF2F47-EF18-4D3D-B905-8BA33F6E77DF}.Debug|x64.Build.0 = Debug|x64
		{CFCF2F47-EF18-4D3D-B905-8BA33F6E77DF}.Debug|x86.ActiveCfg = Debug|Win32
		{CFCF2F47-EF18-4D3D-B905-8BA33F6E77DF}.Debug|x86.Build.0 = Debug|Win32
		{CFCF2F47-EF18-4D3D-B905-8BA33F6E77DF}.Release|x64.ActiveCfg = Release|x64
		{CFCF2F47-EF18-4D3D-B905-8BA33F6E77DF}.Release|x64.Build.0 = Release|x64
		{CFCF2F47-EF18-4D3D-B905-8BA33F6E77DF}.Release|x86.ActiveCfg = Release|Win32
		{CFCF2F47-EF18-4D3D-B905-8BA33F6E77DF}.Release|x86.Build.0 = Release|Win32
	EndGlobalSection
	GlobalSection(SolutionProperties) = preSolution
		HideSolutionNode = FALSE
	EndGlobalSection
	GlobalSection(ExtensibilityGlobals) = postSolution
		SolutionGuid = {AF3FED8B-1521-4530-9B9F-A328C79569F4}
	EndGlobalSection
EndGlobal
